
Microsoft Visual Studio Solution File, Format Version 12.00
# Visual Studio 15
VisualStudioVersion = 15.0.26430.12
MinimumVisualStudioVersion = 10.0.40219.1
Project("{FAE04EC0-301F-11D3-BF4B-00C04F79EFBC}") = "dialektor", "dialektor.csproj", "{2514972C-B34C-4ECB-8252-A41C7D8ACA96}"
EndProject
Project("{2150E333-8FDC-42A3-9474-1A3956D46DE8}") = "Solution Items", "Solution Items", "{19AE087E-7D37-4366-B75C-1F93030B2F73}"
	ProjectSection(SolutionItems) = preProject
		.gitignore = .gitignore
		INSTALLATION.md = INSTALLATION.md
		LICENSE.md = LICENSE.md
		README.md = README.md
	EndProjectSection
EndProject
Global
	GlobalSection(SolutionConfigurationPlatforms) = preSolution
		Debug|Any CPU = Debug|Any CPU
		Release|Any CPU = Release|Any CPU
	EndGlobalSection
	GlobalSection(ProjectConfigurationPlatforms) = postSolution
		{2514972C-B34C-4ECB-8252-A41C7D8ACA96}.Debug|Any CPU.ActiveCfg = Debug|Any CPU
		{2514972C-B34C-4ECB-8252-A41C7D8ACA96}.Debug|Any CPU.Build.0 = Debug|Any CPU
		{2514972C-B34C-4ECB-8252-A41C7D8ACA96}.Release|Any CPU.ActiveCfg = Release|Any CPU
		{2514972C-B34C-4ECB-8252-A41C7D8ACA96}.Release|Any CPU.Build.0 = Release|Any CPU
	EndGlobalSection
	GlobalSection(SolutionProperties) = preSolution
		HideSolutionNode = FALSE
	EndGlobalSection
EndGlobal
